// !$*UTF8*$!
{
	archiveVersion = 1;
	classes = {
	};
	objectVersion = 56;
	objects = {

/* Begin PBXBuildFile section */
		A68AE2032BB2A05D005ABA72 /* AppDelegate.swift in Sources */ = {isa = PBXBuildFile; fileRef = A68AE2022BB2A05D005ABA72 /* AppDelegate.swift */; };
		A68AE2052BB2A05D005ABA72 /* SceneDelegate.swift in Sources */ = {isa = PBXBuildFile; fileRef = A68AE2042BB2A05D005ABA72 /* SceneDelegate.swift */; };
		A68AE2072BB2A05D005ABA72 /* ViewController.swift in Sources */ = {isa = PBXBuildFile; fileRef = A68AE2062BB2A05D005ABA72 /* ViewController.swift */; };
		A68AE20C2BB2A05E005ABA72 /* Assets.xcassets in Resources */ = {isa = PBXBuildFile; fileRef = A68AE20B2BB2A05E005ABA72 /* Assets.xcassets */; };
		A68AE20F2BB2A05E005ABA72 /* Base in Resources */ = {isa = PBXBuildFile; fileRef = A68AE20E2BB2A05E005ABA72 /* Base */; };
		A6C979A32BB2B10A005EA3A5 /* SnapKit in Frameworks */ = {isa = PBXBuildFile; productRef = A6C979A22BB2B10A005EA3A5 /* SnapKit */; };
		A6C979A52BB2B10A005EA3A5 /* SnapKit-Dynamic in Frameworks */ = {isa = PBXBuildFile; productRef = A6C979A42BB2B10A005EA3A5 /* SnapKit-Dynamic */; };
/* End PBXBuildFile section */

/* Begin PBXFileReference section */
		A68AE1FF2BB2A05D005ABA72 /* firebase-mvvm-app.app */ = {isa = PBXFileReference; explicitFileType = wrapper.application; includeInIndex = 0; path = "firebase-mvvm-app.app"; sourceTree = BUILT_PRODUCTS_DIR; };
		A68AE2022BB2A05D005ABA72 /* AppDelegate.swift */ = {isa = PBXFileReference; lastKnownFileType = sourcecode.swift; path = AppDelegate.swift; sourceTree = "<group>"; };
		A68AE2042BB2A05D005ABA72 /* SceneDelegate.swift */ = {isa = PBXFileReference; lastKnownFileType = sourcecode.swift; path = SceneDelegate.swift; sourceTree = "<group>"; };
		A68AE2062BB2A05D005ABA72 /* ViewController.swift */ = {isa = PBXFileReference; lastKnownFileType = sourcecode.swift; path = ViewController.swift; sourceTree = "<group>"; };
		A68AE20B2BB2A05E005ABA72 /* Assets.xcassets */ = {isa = PBXFileReference; lastKnownFileType = folder.assetcatalog; path = Assets.xcassets; sourceTree = "<group>"; };
		A68AE20E2BB2A05E005ABA72 /* Base */ = {isa = PBXFileReference; lastKnownFileType = file.storyboard; name = Base; path = Base.lproj/LaunchScreen.storyboard; sourceTree = "<group>"; };
		A68AE2102BB2A05E005ABA72 /* Info.plist */ = {isa = PBXFileReference; lastKnownFileType = text.plist.xml; path = Info.plist; sourceTree = "<group>"; };
/* End PBXFileReference section */

/* Begin PBXFrameworksBuildPhase section */
		A68AE1FC2BB2A05D005ABA72 /* Frameworks */ = {
			isa = PBXFrameworksBuildPhase;
			buildActionMask = 2147483647;
			files = (
				A6C979A32BB2B10A005EA3A5 /* SnapKit in Frameworks */,
				A6C979A52BB2B10A005EA3A5 /* SnapKit-Dynamic in Frameworks */,
			);
			runOnlyForDeploymentPostprocessing = 0;
		};
/* End PBXFrameworksBuildPhase section */

/* Begin PBXGroup section */
		A68AE1F62BB2A05D005ABA72 = {
			isa = PBXGroup;
			children = (
				A68AE2012BB2A05D005ABA72 /* firebase-mvvm-app */,
				A68AE2002BB2A05D005ABA72 /* Products */,
			);
			sourceTree = "<group>";
		};
		A68AE2002BB2A05D005ABA72 /* Products */ = {
			isa = PBXGroup;
			children = (
				A68AE1FF2BB2A05D005ABA72 /* firebase-mvvm-app.app */,
			);
			name = Products;
			sourceTree = "<group>";
		};
		A68AE2012BB2A05D005ABA72 /* firebase-mvvm-app */ = {
			isa = PBXGroup;
			children = (
				A68AE2022BB2A05D005ABA72 /* AppDelegate.swift */,
				A68AE2042BB2A05D005ABA72 /* SceneDelegate.swift */,
				A68AE2062BB2A05D005ABA72 /* ViewController.swift */,
				A68AE20B2BB2A05E005ABA72 /* Assets.xcassets */,
				A68AE20D2BB2A05E005ABA72 /* LaunchScreen.storyboard */,
				A68AE2102BB2A05E005ABA72 /* Info.plist */,
			);
			path = "firebase-mvvm-app";
			sourceTree = "<group>";
		};
/* End PBXGroup section */

/* Begin PBXNativeTarget section */
		A68AE1FE2BB2A05D005ABA72 /* firebase-mvvm-app */ = {
			isa = PBXNativeTarget;
			buildConfigurationList = A68AE2132BB2A05E005ABA72 /* Build configuration list for PBXNativeTarget "firebase-mvvm-app" */;
			buildPhases = (
				A68AE1FB2BB2A05D005ABA72 /* Sources */,
				A68AE1FC2BB2A05D005ABA72 /* Frameworks */,
				A68AE1FD2BB2A05D005ABA72 /* Resources */,
			);
			buildRules = (
			);
			dependencies = (
				A68AE2182BB2A78C005ABA72 /* PBXTargetDependency */,
			);
			name = "firebase-mvvm-app";
			packageProductDependencies = (
				A6C979A22BB2B10A005EA3A5 /* SnapKit */,
				A6C979A42BB2B10A005EA3A5 /* SnapKit-Dynamic */,
			);
			productName = "firebase-mvvm-app";
			productReference = A68AE1FF2BB2A05D005ABA72 /* firebase-mvvm-app.app */;
			productType = "com.apple.product-type.application";
		};
/* End PBXNativeTarget section */

/* Begin PBXProject section */
		A68AE1F72BB2A05D005ABA72 /* Project object */ = {
			isa = PBXProject;
			attributes = {
				BuildIndependentTargetsInParallel = 1;
				LastSwiftUpdateCheck = 1530;
				LastUpgradeCheck = 1530;
				TargetAttributes = {
					A68AE1FE2BB2A05D005ABA72 = {
						CreatedOnToolsVersion = 15.3;
					};
				};
			};
			buildConfigurationList = A68AE1FA2BB2A05D005ABA72 /* Build configuration list for PBXProject "firebase-mvvm-app" */;
			compatibilityVersion = "Xcode 14.0";
			developmentRegion = en;
			hasScannedForEncodings = 0;
			knownRegions = (
				en,
				Base,
			);
			mainGroup = A68AE1F62BB2A05D005ABA72;
			packageReferences = (
				A68AE2162BB2A725005ABA72 /* XCRemoteSwiftPackageReference "SwiftLint" */,
				A6C979A12BB2B10A005EA3A5 /* XCRemoteSwiftPackageReference "SnapKit" */,
			);
			productRefGroup = A68AE2002BB2A05D005ABA72 /* Products */;
			projectDirPath = "";
			projectRoot = "";
			targets = (
				A68AE1FE2BB2A05D005ABA72 /* firebase-mvvm-app */,
			);
		};
/* End PBXProject section */

/* Begin PBXResourcesBuildPhase section */
		A68AE1FD2BB2A05D005ABA72 /* Resources */ = {
			isa = PBXResourcesBuildPhase;
			buildActionMask = 2147483647;
			files = (
				A68AE20C2BB2A05E005ABA72 /* Assets.xcassets in Resources */,
				A68AE20F2BB2A05E005ABA72 /* Base in Resources */,
			);
			runOnlyForDeploymentPostprocessing = 0;
		};
/* End PBXResourcesBuildPhase section */

/* Begin PBXSourcesBuildPhase section */
		A68AE1FB2BB2A05D005ABA72 /* Sources */ = {
			isa = PBXSourcesBuildPhase;
			buildActionMask = 2147483647;
			files = (
				A68AE2072BB2A05D005ABA72 /* ViewController.swift in Sources */,
				A68AE2032BB2A05D005ABA72 /* AppDelegate.swift in Sources */,
				A68AE2052BB2A05D005ABA72 /* SceneDelegate.swift in Sources */,
			);
			runOnlyForDeploymentPostprocessing = 0;
		};
/* End PBXSourcesBuildPhase section */

/* Begin PBXTargetDependency section */
		A68AE2182BB2A78C005ABA72 /* PBXTargetDependency */ = {
			isa = PBXTargetDependency;
			productRef = A68AE2172BB2A78C005ABA72 /* SwiftLintPlugin */;
		};
/* End PBXTargetDependency section */

/* Begin PBXVariantGroup section */
		A68AE20D2BB2A05E005ABA72 /* LaunchScreen.storyboard */ = {
			isa = PBXVariantGroup;
			children = (
				A68AE20E2BB2A05E005ABA72 /* Base */,
			);
			name = LaunchScreen.storyboard;
			sourceTree = "<group>";
		};
/* End PBXVariantGroup section */

/* Begin XCBuildConfiguration section */
		A68AE2112BB2A05E005ABA72 /* Debug */ = {
			isa = XCBuildConfiguration;
			buildSettings = {
				ALWAYS_SEARCH_USER_PATHS = NO;
				ASSETCATALOG_COMPILER_GENERATE_SWIFT_ASSET_SYMBOL_EXTENSIONS = YES;
				CLANG_ANALYZER_NONNULL = YES;
				CLANG_ANALYZER_NUMBER_OBJECT_CONVERSION = YES_AGGRESSIVE;
				CLANG_CXX_LANGUAGE_STANDARD = "gnu++20";
				CLANG_ENABLE_MODULES = YES;
				CLANG_ENABLE_OBJC_ARC = YES;
				CLANG_ENABLE_OBJC_WEAK = YES;
				CLANG_WARN_BLOCK_CAPTURE_AUTORELEASING = YES;
				CLANG_WARN_BOOL_CONVERSION = YES;
				CLANG_WARN_COMMA = YES;
				CLANG_WARN_CONSTANT_CONVERSION = YES;
				CLANG_WARN_DEPRECATED_OBJC_IMPLEMENTATIONS = YES;
				CLANG_WARN_DIRECT_OBJC_ISA_USAGE = YES_ERROR;
				CLANG_WARN_DOCUMENTATION_COMMENTS = YES;
				CLANG_WARN_EMPTY_BODY = YES;
				CLANG_WARN_ENUM_CONVERSION = YES;
				CLANG_WARN_INFINITE_RECURSION = YES;
				CLANG_WARN_INT_CONVERSION = YES;
				CLANG_WARN_NON_LITERAL_NULL_CONVERSION = YES;
				CLANG_WARN_OBJC_IMPLICIT_RETAIN_SELF = YES;
				CLANG_WARN_OBJC_LITERAL_CONVERSION = YES;
				CLANG_WARN_OBJC_ROOT_CLASS = YES_ERROR;
				CLANG_WARN_QUOTED_INCLUDE_IN_FRAMEWORK_HEADER = YES;
				CLANG_WARN_RANGE_LOOP_ANALYSIS = YES;
				CLANG_WARN_STRICT_PROTOTYPES = YES;
				CLANG_WARN_SUSPICIOUS_MOVE = YES;
				CLANG_WARN_UNGUARDED_AVAILABILITY = YES_AGGRESSIVE;
				CLANG_WARN_UNREACHABLE_CODE = YES;
				CLANG_WARN__DUPLICATE_METHOD_MATCH = YES;
				COPY_PHASE_STRIP = NO;
				DEBUG_INFORMATION_FORMAT = dwarf;
				ENABLE_STRICT_OBJC_MSGSEND = YES;
				ENABLE_TESTABILITY = YES;
				ENABLE_USER_SCRIPT_SANDBOXING = YES;
				GCC_C_LANGUAGE_STANDARD = gnu17;
				GCC_DYNAMIC_NO_PIC = NO;
				GCC_NO_COMMON_BLOCKS = YES;
				GCC_OPTIMIZATION_LEVEL = 0;
				GCC_PREPROCESSOR_DEFINITIONS = (
					"DEBUG=1",
					"$(inherited)",
				);
				GCC_WARN_64_TO_32_BIT_CONVERSION = YES;
				GCC_WARN_ABOUT_RETURN_TYPE = YES_ERROR;
				GCC_WARN_UNDECLARED_SELECTOR = YES;
				GCC_WARN_UNINITIALIZED_AUTOS = YES_AGGRESSIVE;
				GCC_WARN_UNUSED_FUNCTION = YES;
				GCC_WARN_UNUSED_VARIABLE = YES;
				IPHONEOS_DEPLOYMENT_TARGET = 17.4;
				LOCALIZATION_PREFERS_STRING_CATALOGS = YES;
				MTL_ENABLE_DEBUG_INFO = INCLUDE_SOURCE;
				MTL_FAST_MATH = YES;
				ONLY_ACTIVE_ARCH = YES;
				SDKROOT = iphoneos;
				SWIFT_ACTIVE_COMPILATION_CONDITIONS = "DEBUG $(inherited)";
				SWIFT_OPTIMIZATION_LEVEL = "-Onone";
			};
			name = Debug;
		};
		A68AE2122BB2A05E005ABA72 /* Release */ = {
			isa = XCBuildConfiguration;
			buildSettings = {
				ALWAYS_SEARCH_USER_PATHS = NO;
				ASSETCATALOG_COMPILER_GENERATE_SWIFT_ASSET_SYMBOL_EXTENSIONS = YES;
				CLANG_ANALYZER_NONNULL = YES;
				CLANG_ANALYZER_NUMBER_OBJECT_CONVERSION = YES_AGGRESSIVE;
				CLANG_CXX_LANGUAGE_STANDARD = "gnu++20";
				CLANG_ENABLE_MODULES = YES;
				CLANG_ENABLE_OBJC_ARC = YES;
				CLANG_ENABLE_OBJC_WEAK = YES;
				CLANG_WARN_BLOCK_CAPTURE_AUTORELEASING = YES;
				CLANG_WARN_BOOL_CONVERSION = YES;
				CLANG_WARN_COMMA = YES;
				CLANG_WARN_CONSTANT_CONVERSION = YES;
				CLANG_WARN_DEPRECATED_OBJC_IMPLEMENTATIONS = YES;
				CLANG_WARN_DIRECT_OBJC_ISA_USAGE = YES_ERROR;
				CLANG_WARN_DOCUMENTATION_COMMENTS = YES;
				CLANG_WARN_EMPTY_BODY = YES;
				CLANG_WARN_ENUM_CONVERSION = YES;
				CLANG_WARN_INFINITE_RECURSION = YES;
				CLANG_WARN_INT_CONVERSION = YES;
				CLANG_WARN_NON_LITERAL_NULL_CONVERSION = YES;
				CLANG_WARN_OBJC_IMPLICIT_RETAIN_SELF = YES;
				CLANG_WARN_OBJC_LITERAL_CONVERSION = YES;
				CLANG_WARN_OBJC_ROOT_CLASS = YES_ERROR;
				CLANG_WARN_QUOTED_INCLUDE_IN_FRAMEWORK_HEADER = YES;
				CLANG_WARN_RANGE_LOOP_ANALYSIS = YES;
				CLANG_WARN_STRICT_PROTOTYPES = YES;
				CLANG_WARN_SUSPICIOUS_MOVE = YES;
				CLANG_WARN_UNGUARDED_AVAILABILITY = YES_AGGRESSIVE;
				CLANG_WARN_UNREACHABLE_CODE = YES;
				CLANG_WARN__DUPLICATE_METHOD_MATCH = YES;
				COPY_PHASE_STRIP = NO;
				DEBUG_INFORMATION_FORMAT = "dwarf-with-dsym";
				ENABLE_NS_ASSERTIONS = NO;
				ENABLE_STRICT_OBJC_MSGSEND = YES;
				ENABLE_USER_SCRIPT_SANDBOXING = YES;
				GCC_C_LANGUAGE_STANDARD = gnu17;
				GCC_NO_COMMON_BLOCKS = YES;
				GCC_WARN_64_TO_32_BIT_CONVERSION = YES;
				GCC_WARN_ABOUT_RETURN_TYPE = YES_ERROR;
				GCC_WARN_UNDECLARED_SELECTOR = YES;
				GCC_WARN_UNINITIALIZED_AUTOS = YES_AGGRESSIVE;
				GCC_WARN_UNUSED_FUNCTION = YES;
				GCC_WARN_UNUSED_VARIABLE = YES;
				IPHONEOS_DEPLOYMENT_TARGET = 17.4;
				LOCALIZATION_PREFERS_STRING_CATALOGS = YES;
				MTL_ENABLE_DEBUG_INFO = NO;
				MTL_FAST_MATH = YES;
				SDKROOT = iphoneos;
				SWIFT_COMPILATION_MODE = wholemodule;
				VALIDATE_PRODUCT = YES;
			};
			name = Release;
		};
		A68AE2142BB2A05E005ABA72 /* Debug */ = {
			isa = XCBuildConfiguration;
			buildSettings = {
				ASSETCATALOG_COMPILER_APPICON_NAME = AppIcon;
				ASSETCATALOG_COMPILER_GLOBAL_ACCENT_COLOR_NAME = AccentColor;
				CODE_SIGN_STYLE = Automatic;
				CURRENT_PROJECT_VERSION = 1;
				DEVELOPMENT_TEAM = Q7RTLG93ZX;
				GENERATE_INFOPLIST_FILE = YES;
				INFOPLIST_FILE = "firebase-mvvm-app/Info.plist";
				INFOPLIST_KEY_UIApplicationSupportsIndirectInputEvents = YES;
				INFOPLIST_KEY_UILaunchStoryboardName = LaunchScreen;
				INFOPLIST_KEY_UISupportedInterfaceOrientations_iPad = "UIInterfaceOrientationPortrait UIInterfaceOrientationPortraitUpsideDown UIInterfaceOrientationLandscapeLeft UIInterfaceOrientationLandscapeRight";
				INFOPLIST_KEY_UISupportedInterfaceOrientations_iPhone = "UIInterfaceOrientationPortrait UIInterfaceOrientationLandscapeLeft UIInterfaceOrientationLandscapeRight";
				LD_RUNPATH_SEARCH_PATHS = (
					"$(inherited)",
					"@executable_path/Frameworks",
				);
				MARKETING_VERSION = 1.0;
				PRODUCT_BUNDLE_IDENTIFIER = "com.kakimoto.firebase-mvvm-app";
				PRODUCT_NAME = "$(TARGET_NAME)";
				SWIFT_EMIT_LOC_STRINGS = YES;
				SWIFT_VERSION = 5.0;
				TARGETED_DEVICE_FAMILY = "1,2";
			};
			name = Debug;
		};
		A68AE2152BB2A05E005ABA72 /* Release */ = {
			isa = XCBuildConfiguration;
			buildSettings = {
				ASSETCATALOG_COMPILER_APPICON_NAME = AppIcon;
				ASSETCATALOG_COMPILER_GLOBAL_ACCENT_COLOR_NAME = AccentColor;
				CODE_SIGN_STYLE = Automatic;
				CURRENT_PROJECT_VERSION = 1;
				DEVELOPMENT_TEAM = Q7RTLG93ZX;
				GENERATE_INFOPLIST_FILE = YES;
				INFOPLIST_FILE = "firebase-mvvm-app/Info.plist";
				INFOPLIST_KEY_UIApplicationSupportsIndirectInputEvents = YES;
				INFOPLIST_KEY_UILaunchStoryboardName = LaunchScreen;
				INFOPLIST_KEY_UISupportedInterfaceOrientations_iPad = "UIInterfaceOrientationPortrait UIInterfaceOrientationPortraitUpsideDown UIInterfaceOrientationLandscapeLeft UIInterfaceOrientationLandscapeRight";
				INFOPLIST_KEY_UISupportedInterfaceOrientations_iPhone = "UIInterfaceOrientationPortrait UIInterfaceOrientationLandscapeLeft UIInterfaceOrientationLandscapeRight";
				LD_RUNPATH_SEARCH_PATHS = (
					"$(inherited)",
					"@executable_path/Frameworks",
				);
				MARKETING_VERSION = 1.0;
				PRODUCT_BUNDLE_IDENTIFIER = "com.kakimoto.firebase-mvvm-app";
				PRODUCT_NAME = "$(TARGET_NAME)";
				SWIFT_EMIT_LOC_STRINGS = YES;
				SWIFT_VERSION = 5.0;
				TARGETED_DEVICE_FAMILY = "1,2";
			};
			name = Release;
		};
/* End XCBuildConfiguration section */

/* Begin XCConfigurationList section */
		A68AE1FA2BB2A05D005ABA72 /* Build configuration list for PBXProject "firebase-mvvm-app" */ = {
			isa = XCConfigurationList;
			buildConfigurations = (
				A68AE2112BB2A05E005ABA72 /* Debug */,
				A68AE2122BB2A05E005ABA72 /* Release */,
			);
			defaultConfigurationIsVisible = 0;
			defaultConfigurationName = Release;
		};
		A68AE2132BB2A05E005ABA72 /* Build configuration list for PBXNativeTarget "firebase-mvvm-app" */ = {
			isa = XCConfigurationList;
			buildConfigurations = (
				A68AE2142BB2A05E005ABA72 /* Debug */,
				A68AE2152BB2A05E005ABA72 /* Release */,
			);
			defaultConfigurationIsVisible = 0;
			defaultConfigurationName = Release;
		};
/* End XCConfigurationList section */

/* Begin XCRemoteSwiftPackageReference section */
		A68AE2162BB2A725005ABA72 /* XCRemoteSwiftPackageReference "SwiftLint" */ = {
			isa = XCRemoteSwiftPackageReference;
			repositoryURL = "https://github.com/realm/SwiftLint";
			requirement = {
				kind = upToNextMajorVersion;
				minimumVersion = 0.54.0;
			};
		};
		A6C979A12BB2B10A005EA3A5 /* XCRemoteSwiftPackageReference "SnapKit" */ = {
			isa = XCRemoteSwiftPackageReference;
			repositoryURL = "https://github.com/SnapKit/SnapKit.git";
			requirement = {
				kind = upToNextMajorVersion;
				minimumVersion = 5.7.1;
			};
		};
/* End XCRemoteSwiftPackageReference section */

/* Begin XCSwiftPackageProductDependency section */
		A68AE2172BB2A78C005ABA72 /* SwiftLintPlugin */ = {
			isa = XCSwiftPackageProductDependency;
			package = A68AE2162BB2A725005ABA72 /* XCRemoteSwiftPackageReference "SwiftLint" */;
			productName = "plugin:SwiftLintPlugin";
		};
		A6C979A22BB2B10A005EA3A5 /* SnapKit */ = {
			isa = XCSwiftPackageProductDependency;
			package = A6C979A12BB2B10A005EA3A5 /* XCRemoteSwiftPackageReference "SnapKit" */;
			productName = SnapKit;
		};
		A6C979A42BB2B10A005EA3A5 /* SnapKit-Dynamic */ = {
			isa = XCSwiftPackageProductDependency;
			package = A6C979A12BB2B10A005EA3A5 /* XCRemoteSwiftPackageReference "SnapKit" */;
			productName = "SnapKit-Dynamic";
		};
/* End XCSwiftPackageProductDependency section */
	};
	rootObject = A68AE1F72BB2A05D005ABA72 /* Project object */;
}
